
Microsoft Visual Studio Solution File, Format Version 12.00
# Visual Studio Version 17
VisualStudioVersion = 17.6.33829.357
MinimumVisualStudioVersion = 10.0.40219.1
Project("{FAE04EC0-301F-11D3-BF4B-00C04F79EFBC}") = "RangeTask", "RangeTask\RangeTask.csproj", "{E9F7EB92-53C4-4238-A9AB-ADE24990FA94}"
EndProject
Global
	GlobalSection(SolutionConfigurationPlatforms) = preSolution
		Debug|Any CPU = Debug|Any CPU
		Release|Any CPU = Release|Any CPU
	EndGlobalSection
	GlobalSection(ProjectConfigurationPlatforms) = postSolution
		{E9F7EB92-53C4-4238-A9AB-ADE24990FA94}.Debug|Any CPU.ActiveCfg = Debug|Any CPU
		{E9F7EB92-53C4-4238-A9AB-ADE24990FA94}.Debug|Any CPU.Build.0 = Debug|Any CPU
		{E9F7EB92-53C4-4238-A9AB-ADE24990FA94}.Release|Any CPU.ActiveCfg = Release|Any CPU
		{E9F7EB92-53C4-4238-A9AB-ADE24990FA94}.Release|Any CPU.Build.0 = Release|Any CPU
	EndGlobalSection
	GlobalSection(SolutionProperties) = preSolution
		HideSolutionNode = FALSE
	EndGlobalSection
	GlobalSection(ExtensibilityGlobals) = postSolution
		SolutionGuid = {55B77542-CB41-4FC8-8720-AAC5184A3C5A}
	EndGlobalSection
EndGlobal
